{"is_source_file": true, "file_id": 96, "git_revision": "a1171b95ff7b951815aa33ec2e3d3654796ecf9f", "state": 1, "description": "", "external_files": [], "external_methods": [], "published": [], "classes": [], "methods": [], "calls": [], "search-terms": [], "hash": "e9b4c3b42cef0193b7fddb548d37e652", "format-version": 4, "code-base-name": "default", "filename": "kavia_kanbansync/post_process_status.lock", "knowledge_revision": 272}